
Microsoft Visual Studio Solution File, Format Version 12.00
# Visual Studio 2012
Project("{FAE04EC0-301F-11D3-BF4B-00C04F79EFBC}") = "multilevel_inheritance", "multilevel_inheritance\multilevel_inheritance.csproj", "{42186C86-E7AA-4FED-82CF-864303D97B0A}"
EndProject
Global
	GlobalSection(SolutionConfigurationPlatforms) = preSolution
		Debug|Any CPU = Debug|Any CPU
		Release|Any CPU = Release|Any CPU
	EndGlobalSection
	GlobalSection(ProjectConfigurationPlatforms) = postSolution
		{42186C86-E7AA-4FED-82CF-864303D97B0A}.Debug|Any CPU.ActiveCfg = Debug|Any CPU
		{42186C86-E7AA-4FED-82CF-864303D97B0A}.Debug|Any CPU.Build.0 = Debug|Any CPU
		{42186C86-E7AA-4FED-82CF-864303D97B0A}.Release|Any CPU.ActiveCfg = Release|Any CPU
		{42186C86-E7AA-4FED-82CF-864303D97B0A}.Release|Any CPU.Build.0 = Release|Any CPU
	EndGlobalSection
EndGlobal
